// !$*UTF8*$!
{
	archiveVersion = 1;
	classes = {
	};
	objectVersion = 48;
	objects = {

/* Begin PBXBuildFile section */
		594E4461202AFEB2008DA6BE /* AppDelegate.swift in Sources */ = {isa = PBXBuildFile; fileRef = 594E4460202AFEB2008DA6BE /* AppDelegate.swift */; };
		594E4463202AFEB2008DA6BE /* ViewController.swift in Sources */ = {isa = PBXBuildFile; fileRef = 594E4462202AFEB2008DA6BE /* ViewController.swift */; };
		594E4466202AFEB2008DA6BE /* Main.storyboard in Resources */ = {isa = PBXBuildFile; fileRef = 594E4464202AFEB2008DA6BE /* Main.storyboard */; };
		594E4468202AFEB2008DA6BE /* Assets.xcassets in Resources */ = {isa = PBXBuildFile; fileRef = 594E4467202AFEB2008DA6BE /* Assets.xcassets */; };
		594E446B202AFEB2008DA6BE /* LaunchScreen.storyboard in Resources */ = {isa = PBXBuildFile; fileRef = 594E4469202AFEB2008DA6BE /* LaunchScreen.storyboard */; };
		594E4476202AFEB3008DA6BE /* LightTests.swift in Sources */ = {isa = PBXBuildFile; fileRef = 594E4475202AFEB3008DA6BE /* LightTests.swift */; };
		594E4481202AFEB3008DA6BE /* LightUITests.swift in Sources */ = {isa = PBXBuildFile; fileRef = 594E4480202AFEB3008DA6BE /* LightUITests.swift */; };
/* End PBXBuildFile section */

/* Begin PBXContainerItemProxy section */
		594E4472202AFEB3008DA6BE /* PBXContainerItemProxy */ = {
			isa = PBXContainerItemProxy;
			containerPortal = 594E4455202AFEB2008DA6BE /* Project object */;
			proxyType = 1;
			remoteGlobalIDString = 594E445C202AFEB2008DA6BE;
			remoteInfo = Light;
		};
		594E447D202AFEB3008DA6BE /* PBXContainerItemProxy */ = {
			isa = PBXContainerItemProxy;
			containerPortal = 594E4455202AFEB2008DA6BE /* Project object */;
			proxyType = 1;
			remoteGlobalIDString = 594E445C202AFEB2008DA6BE;
			remoteInfo = Light;
		};
/* End PBXContainerItemProxy section */

/* Begin PBXFileReference section */
		594E445D202AFEB2008DA6BE /* Light.app */ = {isa = PBXFileReference; explicitFileType = wrapper.application; includeInIndex = 0; path = Light.app; sourceTree = BUILT_PRODUCTS_DIR; };
		594E4460202AFEB2008DA6BE /* AppDelegate.swift */ = {isa = PBXFileReference; lastKnownFileType = sourcecode.swift; path = AppDelegate.swift; sourceTree = "<group>"; };
		594E4462202AFEB2008DA6BE /* ViewController.swift */ = {isa = PBXFileReference; lastKnownFileType = sourcecode.swift; path = ViewController.swift; sourceTree = "<group>"; };
		594E4465202AFEB2008DA6BE /* Base */ = {isa = PBXFileReference; lastKnownFileType = file.storyboard; name = Base; path = Base.lproj/Main.storyboard; sourceTree = "<group>"; };
		594E4467202AFEB2008DA6BE /* Assets.xcassets */ = {isa = PBXFileReference; lastKnownFileType = folder.assetcatalog; path = Assets.xcassets; sourceTree = "<group>"; };
		594E446A202AFEB2008DA6BE /* Base */ = {isa = PBXFileReference; lastKnownFileType = file.storyboard; name = Base; path = Base.lproj/LaunchScreen.storyboard; sourceTree = "<group>"; };
		594E446C202AFEB2008DA6BE /* Info.plist */ = {isa = PBXFileReference; lastKnownFileType = text.plist.xml; path = Info.plist; sourceTree = "<group>"; };
		594E4471202AFEB3008DA6BE /* LightTests.xctest */ = {isa = PBXFileReference; explicitFileType = wrapper.cfbundle; includeInIndex = 0; path = LightTests.xctest; sourceTree = BUILT_PRODUCTS_DIR; };
		594E4475202AFEB3008DA6BE /* LightTests.swift */ = {isa = PBXFileReference; lastKnownFileType = sourcecode.swift; path = LightTests.swift; sourceTree = "<group>"; };
		594E4477202AFEB3008DA6BE /* Info.plist */ = {isa = PBXFileReference; lastKnownFileType = text.plist.xml; path = Info.plist; sourceTree = "<group>"; };
		594E447C202AFEB3008DA6BE /* LightUITests.xctest */ = {isa = PBXFileReference; explicitFileType = wrapper.cfbundle; includeInIndex = 0; path = LightUITests.xctest; sourceTree = BUILT_PRODUCTS_DIR; };
		594E4480202AFEB3008DA6BE /* LightUITests.swift */ = {isa = PBXFileReference; lastKnownFileType = sourcecode.swift; path = LightUITests.swift; sourceTree = "<group>"; };
		594E4482202AFEB3008DA6BE /* Info.plist */ = {isa = PBXFileReference; lastKnownFileType = text.plist.xml; path = Info.plist; sourceTree = "<group>"; };
/* End PBXFileReference section */

/* Begin PBXFrameworksBuildPhase section */
		594E445A202AFEB2008DA6BE /* Frameworks */ = {
			isa = PBXFrameworksBuildPhase;
			buildActionMask = 2147483647;
			files = (
			);
			runOnlyForDeploymentPostprocessing = 0;
		};
		594E446E202AFEB3008DA6BE /* Frameworks */ = {
			isa = PBXFrameworksBuildPhase;
			buildActionMask = 2147483647;
			files = (
			);
			runOnlyForDeploymentPostprocessing = 0;
		};
		594E4479202AFEB3008DA6BE /* Frameworks */ = {
			isa = PBXFrameworksBuildPhase;
			buildActionMask = 2147483647;
			files = (
			);
			runOnlyForDeploymentPostprocessing = 0;
		};
/* End PBXFrameworksBuildPhase section */

/* Begin PBXGroup section */
		594E4454202AFEB2008DA6BE = {
			isa = PBXGroup;
			children = (
				594E445F202AFEB2008DA6BE /* Light */,
				594E4474202AFEB3008DA6BE /* LightTests */,
				594E447F202AFEB3008DA6BE /* LightUITests */,
				594E445E202AFEB2008DA6BE /* Products */,
			);
			sourceTree = "<group>";
		};
		594E445E202AFEB2008DA6BE /* Products */ = {
			isa = PBXGroup;
			children = (
				594E445D202AFEB2008DA6BE /* Light.app */,
				594E4471202AFEB3008DA6BE /* LightTests.xctest */,
				594E447C202AFEB3008DA6BE /* LightUITests.xctest */,
			);
			name = Products;
			sourceTree = "<group>";
		};
		594E445F202AFEB2008DA6BE /* Light */ = {
			isa = PBXGroup;
			children = (
				594E4460202AFEB2008DA6BE /* AppDelegate.swift */,
				594E4462202AFEB2008DA6BE /* ViewController.swift */,
				594E4464202AFEB2008DA6BE /* Main.storyboard */,
				594E4467202AFEB2008DA6BE /* Assets.xcassets */,
				594E4469202AFEB2008DA6BE /* LaunchScreen.storyboard */,
				594E446C202AFEB2008DA6BE /* Info.plist */,
			);
			path = Light;
			sourceTree = "<group>";
		};
		594E4474202AFEB3008DA6BE /* LightTests */ = {
			isa = PBXGroup;
			children = (
				594E4475202AFEB3008DA6BE /* LightTests.swift */,
				594E4477202AFEB3008DA6BE /* Info.plist */,
			);
			path = LightTests;
			sourceTree = "<group>";
		};
		594E447F202AFEB3008DA6BE /* LightUITests */ = {
			isa = PBXGroup;
			children = (
				594E4480202AFEB3008DA6BE /* LightUITests.swift */,
				594E4482202AFEB3008DA6BE /* Info.plist */,
			);
			path = LightUITests;
			sourceTree = "<group>";
		};
/* End PBXGroup section */

/* Begin PBXNativeTarget section */
		594E445C202AFEB2008DA6BE /* Light */ = {
			isa = PBXNativeTarget;
			buildConfigurationList = 594E4485202AFEB3008DA6BE /* Build configuration list for PBXNativeTarget "Light" */;
			buildPhases = (
				594E4459202AFEB2008DA6BE /* Sources */,
				594E445A202AFEB2008DA6BE /* Frameworks */,
				594E445B202AFEB2008DA6BE /* Resources */,
			);
			buildRules = (
			);
			dependencies = (
			);
			name = Light;
			productName = Light;
			productReference = 594E445D202AFEB2008DA6BE /* Light.app */;
			productType = "com.apple.product-type.application";
		};
		594E4470202AFEB3008DA6BE /* LightTests */ = {
			isa = PBXNativeTarget;
			buildConfigurationList = 594E4488202AFEB3008DA6BE /* Build configuration list for PBXNativeTarget "LightTests" */;
			buildPhases = (
				594E446D202AFEB3008DA6BE /* Sources */,
				594E446E202AFEB3008DA6BE /* Frameworks */,
				594E446F202AFEB3008DA6BE /* Resources */,
			);
			buildRules = (
			);
			dependencies = (
				594E4473202AFEB3008DA6BE /* PBXTargetDependency */,
			);
			name = LightTests;
			productName = LightTests;
			productReference = 594E4471202AFEB3008DA6BE /* LightTests.xctest */;
			productType = "com.apple.product-type.bundle.unit-test";
		};
		594E447B202AFEB3008DA6BE /* LightUITests */ = {
			isa = PBXNativeTarget;
			buildConfigurationList = 594E448B202AFEB3008DA6BE /* Build configuration list for PBXNativeTarget "LightUITests" */;
			buildPhases = (
				594E4478202AFEB3008DA6BE /* Sources */,
				594E4479202AFEB3008DA6BE /* Frameworks */,
				594E447A202AFEB3008DA6BE /* Resources */,
			);
			buildRules = (
			);
			dependencies = (
				594E447E202AFEB3008DA6BE /* PBXTargetDependency */,
			);
			name = LightUITests;
			productName = LightUITests;
			productReference = 594E447C202AFEB3008DA6BE /* LightUITests.xctest */;
			productType = "com.apple.product-type.bundle.ui-testing";
		};
/* End PBXNativeTarget section */

/* Begin PBXProject section */
		594E4455202AFEB2008DA6BE /* Project object */ = {
			isa = PBXProject;
			attributes = {
				LastSwiftUpdateCheck = 0920;
				LastUpgradeCheck = 0920;
				ORGANIZATIONNAME = "Philip van der Hoek";
				TargetAttributes = {
					594E445C202AFEB2008DA6BE = {
						CreatedOnToolsVersion = 9.2;
						ProvisioningStyle = Automatic;
					};
					594E4470202AFEB3008DA6BE = {
						CreatedOnToolsVersion = 9.2;
						ProvisioningStyle = Automatic;
						TestTargetID = 594E445C202AFEB2008DA6BE;
					};
					594E447B202AFEB3008DA6BE = {
						CreatedOnToolsVersion = 9.2;
						ProvisioningStyle = Automatic;
						TestTargetID = 594E445C202AFEB2008DA6BE;
					};
				};
			};
			buildConfigurationList = 594E4458202AFEB2008DA6BE /* Build configuration list for PBXProject "Light" */;
			compatibilityVersion = "Xcode 8.0";
			developmentRegion = en;
			hasScannedForEncodings = 0;
			knownRegions = (
				en,
				Base,
			);
			mainGroup = 594E4454202AFEB2008DA6BE;
			productRefGroup = 594E445E202AFEB2008DA6BE /* Products */;
			projectDirPath = "";
			projectRoot = "";
			targets = (
				594E445C202AFEB2008DA6BE /* Light */,
				594E4470202AFEB3008DA6BE /* LightTests */,
				594E447B202AFEB3008DA6BE /* LightUITests */,
			);
		};
/* End PBXProject section */

/* Begin PBXResourcesBuildPhase section */
		594E445B202AFEB2008DA6BE /* Resources */ = {
			isa = PBXResourcesBuildPhase;
			buildActionMask = 2147483647;
			files = (
				594E446B202AFEB2008DA6BE /* LaunchScreen.storyboard in Resources */,
				594E4468202AFEB2008DA6BE /* Assets.xcassets in Resources */,
				594E4466202AFEB2008DA6BE /* Main.storyboard in Resources */,
			);
			runOnlyForDeploymentPostprocessing = 0;
		};
		594E446F202AFEB3008DA6BE /* Resources */ = {
			isa = PBXResourcesBuildPhase;
			buildActionMask = 2147483647;
			files = (
			);
			runOnlyForDeploymentPostprocessing = 0;
		};
		594E447A202AFEB3008DA6BE /* Resources */ = {
			isa = PBXResourcesBuildPhase;
			buildActionMask = 2147483647;
			files = (
			);
			runOnlyForDeploymentPostprocessing = 0;
		};
/* End PBXResourcesBuildPhase section */

/* Begin PBXSourcesBuildPhase section */
		594E4459202AFEB2008DA6BE /* Sources */ = {
			isa = PBXSourcesBuildPhase;
			buildActionMask = 2147483647;
			files = (
				594E4463202AFEB2008DA6BE /* ViewController.swift in Sources */,
				594E4461202AFEB2008DA6BE /* AppDelegate.swift in Sources */,
			);
			runOnlyForDeploymentPostprocessing = 0;
		};
		594E446D202AFEB3008DA6BE /* Sources */ = {
			isa = PBXSourcesBuildPhase;
			buildActionMask = 2147483647;
			files = (
				594E4476202AFEB3008DA6BE /* LightTests.swift in Sources */,
			);
			runOnlyForDeploymentPostprocessing = 0;
		};
		594E4478202AFEB3008DA6BE /* Sources */ = {
			isa = PBXSourcesBuildPhase;
			buildActionMask = 2147483647;
			files = (
				594E4481202AFEB3008DA6BE /* LightUITests.swift in Sources */,
			);
			runOnlyForDeploymentPostprocessing = 0;
		};
/* End PBXSourcesBuildPhase section */

/* Begin PBXTargetDependency section */
		594E4473202AFEB3008DA6BE /* PBXTargetDependency */ = {
			isa = PBXTargetDependency;
			target = 594E445C202AFEB2008DA6BE /* Light */;
			targetProxy = 594E4472202AFEB3008DA6BE /* PBXContainerItemProxy */;
		};
		594E447E202AFEB3008DA6BE /* PBXTargetDependency */ = {
			isa = PBXTargetDependency;
			target = 594E445C202AFEB2008DA6BE /* Light */;
			targetProxy = 594E447D202AFEB3008DA6BE /* PBXContainerItemProxy */;
		};
/* End PBXTargetDependency section */

/* Begin PBXVariantGroup section */
		594E4464202AFEB2008DA6BE /* Main.storyboard */ = {
			isa = PBXVariantGroup;
			children = (
				594E4465202AFEB2008DA6BE /* Base */,
			);
			name = Main.storyboard;
			sourceTree = "<group>";
		};
		594E4469202AFEB2008DA6BE /* LaunchScreen.storyboard */ = {
			isa = PBXVariantGroup;
			children = (
				594E446A202AFEB2008DA6BE /* Base */,
			);
			name = LaunchScreen.storyboard;
			sourceTree = "<group>";
		};
/* End PBXVariantGroup section */

/* Begin XCBuildConfiguration section */
		594E4483202AFEB3008DA6BE /* Debug */ = {
			isa = XCBuildConfiguration;
			buildSettings = {
				ALWAYS_SEARCH_USER_PATHS = NO;
				CLANG_ANALYZER_NONNULL = YES;
				CLANG_ANALYZER_NUMBER_OBJECT_CONVERSION = YES_AGGRESSIVE;
				CLANG_CXX_LANGUAGE_STANDARD = "gnu++14";
				CLANG_CXX_LIBRARY = "libc++";
				CLANG_ENABLE_MODULES = YES;
				CLANG_ENABLE_OBJC_ARC = YES;
				CLANG_WARN_BLOCK_CAPTURE_AUTORELEASING = YES;
				CLANG_WARN_BOOL_CONVERSION = YES;
				CLANG_WARN_COMMA = YES;
				CLANG_WARN_CONSTANT_CONVERSION = YES;
				CLANG_WARN_DIRECT_OBJC_ISA_USAGE = YES_ERROR;
				CLANG_WARN_DOCUMENTATION_COMMENTS = YES;
				CLANG_WARN_EMPTY_BODY = YES;
				CLANG_WARN_ENUM_CONVERSION = YES;
				CLANG_WARN_INFINITE_RECURSION = YES;
				CLANG_WARN_INT_CONVERSION = YES;
				CLANG_WARN_NON_LITERAL_NULL_CONVERSION = YES;
				CLANG_WARN_OBJC_LITERAL_CONVERSION = YES;
				CLANG_WARN_OBJC_ROOT_CLASS = YES_ERROR;
				CLANG_WARN_RANGE_LOOP_ANALYSIS = YES;
				CLANG_WARN_STRICT_PROTOTYPES = YES;
				CLANG_WARN_SUSPICIOUS_MOVE = YES;
				CLANG_WARN_UNGUARDED_AVAILABILITY = YES_AGGRESSIVE;
				CLANG_WARN_UNREACHABLE_CODE = YES;
				CLANG_WARN__DUPLICATE_METHOD_MATCH = YES;
				CODE_SIGN_IDENTITY = "iPhone Developer";
				COPY_PHASE_STRIP = NO;
				DEBUG_INFORMATION_FORMAT = dwarf;
				ENABLE_STRICT_OBJC_MSGSEND = YES;
				ENABLE_TESTABILITY = YES;
				GCC_C_LANGUAGE_STANDARD = gnu11;
				GCC_DYNAMIC_NO_PIC = NO;
				GCC_NO_COMMON_BLOCKS = YES;
				GCC_OPTIMIZATION_LEVEL = 0;
				GCC_PREPROCESSOR_DEFINITIONS = (
					"DEBUG=1",
					"$(inherited)",
				);
				GCC_WARN_64_TO_32_BIT_CONVERSION = YES;
				GCC_WARN_ABOUT_RETURN_TYPE = YES_ERROR;
				GCC_WARN_UNDECLARED_SELECTOR = YES;
				GCC_WARN_UNINITIALIZED_AUTOS = YES_AGGRESSIVE;
				GCC_WARN_UNUSED_FUNCTION = YES;
				GCC_WARN_UNUSED_VARIABLE = YES;
				IPHONEOS_DEPLOYMENT_TARGET = 11.2;
				MTL_ENABLE_DEBUG_INFO = YES;
				ONLY_ACTIVE_ARCH = YES;
				SDKROOT = iphoneos;
				SWIFT_ACTIVE_COMPILATION_CONDITIONS = DEBUG;
				SWIFT_OPTIMIZATION_LEVEL = "-Onone";
			};
			name = Debug;
		};
		594E4484202AFEB3008DA6BE /* Release */ = {
			isa = XCBuildConfiguration;
			buildSettings = {
				ALWAYS_SEARCH_USER_PATHS = NO;
				CLANG_ANALYZER_NONNULL = YES;
				CLANG_ANALYZER_NUMBER_OBJECT_CONVERSION = YES_AGGRESSIVE;
				CLANG_CXX_LANGUAGE_STANDARD = "gnu++14";
				CLANG_CXX_LIBRARY = "libc++";
				CLANG_ENABLE_MODULES = YES;
				CLANG_ENABLE_OBJC_ARC = YES;
				CLANG_WARN_BLOCK_CAPTURE_AUTORELEASING = YES;
				CLANG_WARN_BOOL_CONVERSION = YES;
				CLANG_WARN_COMMA = YES;
				CLANG_WARN_CONSTANT_CONVERSION = YES;
				CLANG_WARN_DIRECT_OBJC_ISA_USAGE = YES_ERROR;
				CLANG_WARN_DOCUMENTATION_COMMENTS = YES;
				CLANG_WARN_EMPTY_BODY = YES;
				CLANG_WARN_ENUM_CONVERSION = YES;
				CLANG_WARN_INFINITE_RECURSION = YES;
				CLANG_WARN_INT_CONVERSION = YES;
				CLANG_WARN_NON_LITERAL_NULL_CONVERSION = YES;
				CLANG_WARN_OBJC_LITERAL_CONVERSION = YES;
				CLANG_WARN_OBJC_ROOT_CLASS = YES_ERROR;
				CLANG_WARN_RANGE_LOOP_ANALYSIS = YES;
				CLANG_WARN_STRICT_PROTOTYPES = YES;
				CLANG_WARN_SUSPICIOUS_MOVE = YES;
				CLANG_WARN_UNGUARDED_AVAILABILITY = YES_AGGRESSIVE;
				CLANG_WARN_UNREACHABLE_CODE = YES;
				CLANG_WARN__DUPLICATE_METHOD_MATCH = YES;
				CODE_SIGN_IDENTITY = "iPhone Developer";
				COPY_PHASE_STRIP = NO;
				DEBUG_INFORMATION_FORMAT = "dwarf-with-dsym";
				ENABLE_NS_ASSERTIONS = NO;
				ENABLE_STRICT_OBJC_MSGSEND = YES;
				GCC_C_LANGUAGE_STANDARD = gnu11;
				GCC_NO_COMMON_BLOCKS = YES;
				GCC_WARN_64_TO_32_BIT_CONVERSION = YES;
				GCC_WARN_ABOUT_RETURN_TYPE = YES_ERROR;
				GCC_WARN_UNDECLARED_SELECTOR = YES;
				GCC_WARN_UNINITIALIZED_AUTOS = YES_AGGRESSIVE;
				GCC_WARN_UNUSED_FUNCTION = YES;
				GCC_WARN_UNUSED_VARIABLE = YES;
				IPHONEOS_DEPLOYMENT_TARGET = 11.2;
				MTL_ENABLE_DEBUG_INFO = NO;
				SDKROOT = iphoneos;
				SWIFT_OPTIMIZATION_LEVEL = "-Owholemodule";
				VALIDATE_PRODUCT = YES;
			};
			name = Release;
		};
		594E4486202AFEB3008DA6BE /* Debug */ = {
			isa = XCBuildConfiguration;
			buildSettings = {
				ASSETCATALOG_COMPILER_APPICON_NAME = AppIcon;
				CODE_SIGN_STYLE = Automatic;
				DEVELOPMENT_TEAM = D9MP36DEWT;
				INFOPLIST_FILE = Light/Info.plist;
				LD_RUNPATH_SEARCH_PATHS = "$(inherited) @executable_path/Frameworks";
				PRODUCT_BUNDLE_IDENTIFIER = com.example.Light;
				PRODUCT_NAME = "$(TARGET_NAME)";
				SWIFT_VERSION = 4.0;
				TARGETED_DEVICE_FAMILY = "1,2";
			};
			name = Debug;
		};
		594E4487202AFEB3008DA6BE /* Release */ = {
			isa = XCBuildConfiguration;
			buildSettings = {
				ASSETCATALOG_COMPILER_APPICON_NAME = AppIcon;
				CODE_SIGN_STYLE = Automatic;
				DEVELOPMENT_TEAM = D9MP36DEWT;
				INFOPLIST_FILE = Light/Info.plist;
				LD_RUNPATH_SEARCH_PATHS = "$(inherited) @executable_path/Frameworks";
				PRODUCT_BUNDLE_IDENTIFIER = com.example.Light;
				PRODUCT_NAME = "$(TARGET_NAME)";
				SWIFT_VERSION = 4.0;
				TARGETED_DEVICE_FAMILY = "1,2";
			};
			name = Release;
		};
		594E4489202AFEB3008DA6BE /* Debug */ = {
			isa = XCBuildConfiguration;
			buildSettings = {
				ALWAYS_EMBED_SWIFT_STANDARD_LIBRARIES = YES;
				BUNDLE_LOADER = "$(TEST_HOST)";
				CODE_SIGN_STYLE = Automatic;
				DEVELOPMENT_TEAM = D9MP36DEWT;
				INFOPLIST_FILE = LightTests/Info.plist;
				LD_RUNPATH_SEARCH_PATHS = "$(inherited) @executable_path/Frameworks @loader_path/Frameworks";
				PRODUCT_BUNDLE_IDENTIFIER = com.example.LightTests;
				PRODUCT_NAME = "$(TARGET_NAME)";
				SWIFT_VERSION = 4.0;
				TARGETED_DEVICE_FAMILY = "1,2";
				TEST_HOST = "$(BUILT_PRODUCTS_DIR)/Light.app/Light";
			};
			name = Debug;
		};
		594E448A202AFEB3008DA6BE /* Release */ = {
			isa = XCBuildConfiguration;
			buildSettings = {
				ALWAYS_EMBED_SWIFT_STANDARD_LIBRARIES = YES;
				BUNDLE_LOADER = "$(TEST_HOST)";
				CODE_SIGN_STYLE = Automatic;
				DEVELOPMENT_TEAM = D9MP36DEWT;
				INFOPLIST_FILE = LightTests/Info.plist;
				LD_RUNPATH_SEARCH_PATHS = "$(inherited) @executable_path/Frameworks @loader_path/Frameworks";
				PRODUCT_BUNDLE_IDENTIFIER = com.example.LightTests;
				PRODUCT_NAME = "$(TARGET_NAME)";
				SWIFT_VERSION = 4.0;
				TARGETED_DEVICE_FAMILY = "1,2";
				TEST_HOST = "$(BUILT_PRODUCTS_DIR)/Light.app/Light";
			};
			name = Release;
		};
		594E448C202AFEB3008DA6BE /* Debug */ = {
			isa = XCBuildConfiguration;
			buildSettings = {
				ALWAYS_EMBED_SWIFT_STANDARD_LIBRARIES = YES;
				CODE_SIGN_STYLE = Automatic;
				DEVELOPMENT_TEAM = D9MP36DEWT;
				INFOPLIST_FILE = LightUITests/Info.plist;
				LD_RUNPATH_SEARCH_PATHS = "$(inherited) @executable_path/Frameworks @loader_path/Frameworks";
				PRODUCT_BUNDLE_IDENTIFIER = com.example.LightUITests;
				PRODUCT_NAME = "$(TARGET_NAME)";
				SWIFT_VERSION = 4.0;
				TARGETED_DEVICE_FAMILY = "1,2";
				TEST_TARGET_NAME = Light;
			};
			name = Debug;
		};
		594E448D202AFEB3008DA6BE /* Release */ = {
			isa = XCBuildConfiguration;
			buildSettings = {
				ALWAYS_EMBED_SWIFT_STANDARD_LIBRARIES = YES;
				CODE_SIGN_STYLE = Automatic;
				DEVELOPMENT_TEAM = D9MP36DEWT;
				INFOPLIST_FILE = LightUITests/Info.plist;
				LD_RUNPATH_SEARCH_PATHS = "$(inherited) @executable_path/Frameworks @loader_path/Frameworks";
				PRODUCT_BUNDLE_IDENTIFIER = com.example.LightUITests;
				PRODUCT_NAME = "$(TARGET_NAME)";
				SWIFT_VERSION = 4.0;
				TARGETED_DEVICE_FAMILY = "1,2";
				TEST_TARGET_NAME = Light;
			};
			name = Release;
		};
/* End XCBuildConfiguration section */

/* Begin XCConfigurationList section */
		594E4458202AFEB2008DA6BE /* Build configuration list for PBXProject "Light" */ = {
			isa = XCConfigurationList;
			buildConfigurations = (
				594E4483202AFEB3008DA6BE /* Debug */,
				594E4484202AFEB3008DA6BE /* Release */,
			);
			defaultConfigurationIsVisible = 0;
			defaultConfigurationName = Release;
		};
		594E4485202AFEB3008DA6BE /* Build configuration list for PBXNativeTarget "Light" */ = {
			isa = XCConfigurationList;
			buildConfigurations = (
				594E4486202AFEB3008DA6BE /* Debug */,
				594E4487202AFEB3008DA6BE /* Release */,
			);
			defaultConfigurationIsVisible = 0;
			defaultConfigurationName = Release;
		};
		594E4488202AFEB3008DA6BE /* Build configuration list for PBXNativeTarget "LightTests" */ = {
			isa = XCConfigurationList;
			buildConfigurations = (
				594E4489202AFEB3008DA6BE /* Debug */,
				594E448A202AFEB3008DA6BE /* Release */,
			);
			defaultConfigurationIsVisible = 0;
			defaultConfigurationName = Release;
		};
		594E448B202AFEB3008DA6BE /* Build configuration list for PBXNativeTarget "LightUITests" */ = {
			isa = XCConfigurationList;
			buildConfigurations = (
				594E448C202AFEB3008DA6BE /* Debug */,
				594E448D202AFEB3008DA6BE /* Release */,
			);
			defaultConfigurationIsVisible = 0;
			defaultConfigurationName = Release;
		};
/* End XCConfigurationList section */
	};
	rootObject = 594E4455202AFEB2008DA6BE /* Project object */;
}
